// !$*UTF8*$!
{
	archiveVersion = 1;
	classes = {
	};
	objectVersion = 77;
	objects = {

/* Begin PBXContainerItemProxy section */
		50E7CDD72E0C0049003FE33C /* PBXContainerItemProxy */ = {
			isa = PBXContainerItemProxy;
			containerPortal = 50E7CDBE2E0C0048003FE33C /* Project object */;
			proxyType = 1;
			remoteGlobalIDString = 50E7CDC52E0C0048003FE33C;
			remoteInfo = Paintee;
		};
		50E7CDE12E0C0049003FE33C /* PBXContainerItemProxy */ = {
			isa = PBXContainerItemProxy;
			containerPortal = 50E7CDBE2E0C0048003FE33C /* Project object */;
			proxyType = 1;
			remoteGlobalIDString = 50E7CDC52E0C0048003FE33C;
			remoteInfo = Paintee;
		};
/* End PBXContainerItemProxy section */

/* Begin PBXFileReference section */
		50E7CDC62E0C0048003FE33C /* Paintee.app */ = {isa = PBXFileReference; explicitFileType = wrapper.application; includeInIndex = 0; path = Paintee.app; sourceTree = BUILT_PRODUCTS_DIR; };
		50E7CDD62E0C0049003FE33C /* PainteeTests.xctest */ = {isa = PBXFileReference; explicitFileType = wrapper.cfbundle; includeInIndex = 0; path = PainteeTests.xctest; sourceTree = BUILT_PRODUCTS_DIR; };
		50E7CDE02E0C0049003FE33C /* PainteeUITests.xctest */ = {isa = PBXFileReference; explicitFileType = wrapper.cfbundle; includeInIndex = 0; path = PainteeUITests.xctest; sourceTree = BUILT_PRODUCTS_DIR; };
/* End PBXFileReference section */

/* Begin PBXFileSystemSynchronizedRootGroup section */
		50E7CDC82E0C0048003FE33C /* Paintee */ = {
			isa = PBXFileSystemSynchronizedRootGroup;
			path = Paintee;
			sourceTree = "<group>";
		};
		50E7CDD92E0C0049003FE33C /* PainteeTests */ = {
			isa = PBXFileSystemSynchronizedRootGroup;
			path = PainteeTests;
			sourceTree = "<group>";
		};
		50E7CDE32E0C0049003FE33C /* PainteeUITests */ = {
			isa = PBXFileSystemSynchronizedRootGroup;
			path = PainteeUITests;
			sourceTree = "<group>";
		};
/* End PBXFileSystemSynchronizedRootGroup section */

/* Begin PBXFrameworksBuildPhase section */
		50E7CDC32E0C0048003FE33C /* Frameworks */ = {
			isa = PBXFrameworksBuildPhase;
			buildActionMask = 2147483647;
			files = (
			);
			runOnlyForDeploymentPostprocessing = 0;
		};
		50E7CDD32E0C0049003FE33C /* Frameworks */ = {
			isa = PBXFrameworksBuildPhase;
			buildActionMask = 2147483647;
			files = (
			);
			runOnlyForDeploymentPostprocessing = 0;
		};
		50E7CDDD2E0C0049003FE33C /* Frameworks */ = {
			isa = PBXFrameworksBuildPhase;
			buildActionMask = 2147483647;
			files = (
			);
			runOnlyForDeploymentPostprocessing = 0;
		};
/* End PBXFrameworksBuildPhase section */

/* Begin PBXGroup section */
		50E7CDBD2E0C0048003FE33C = {
			isa = PBXGroup;
			children = (
				50E7CDC82E0C0048003FE33C /* Paintee */,
				50E7CDD92E0C0049003FE33C /* PainteeTests */,
				50E7CDE32E0C0049003FE33C /* PainteeUITests */,
				50E7CDC72E0C0048003FE33C /* Products */,
			);
			sourceTree = "<group>";
		};
		50E7CDC72E0C0048003FE33C /* Products */ = {
			isa = PBXGroup;
			children = (
				50E7CDC62E0C0048003FE33C /* Paintee.app */,
				50E7CDD62E0C0049003FE33C /* PainteeTests.xctest */,
				50E7CDE02E0C0049003FE33C /* PainteeUITests.xctest */,
			);
			name = Products;
			sourceTree = "<group>";
		};
/* End PBXGroup section */

/* Begin PBXNativeTarget section */
		50E7CDC52E0C0048003FE33C /* Paintee */ = {
			isa = PBXNativeTarget;
			buildConfigurationList = 50E7CDEA2E0C0049003FE33C /* Build configuration list for PBXNativeTarget "Paintee" */;
			buildPhases = (
				50E7CDC22E0C0048003FE33C /* Sources */,
				50E7CDC32E0C0048003FE33C /* Frameworks */,
				50E7CDC42E0C0048003FE33C /* Resources */,
			);
			buildRules = (
			);
			dependencies = (
			);
			fileSystemSynchronizedGroups = (
				50E7CDC82E0C0048003FE33C /* Paintee */,
			);
			name = Paintee;
			packageProductDependencies = (
			);
			productName = Paintee;
			productReference = 50E7CDC62E0C0048003FE33C /* Paintee.app */;
			productType = "com.apple.product-type.application";
		};
		50E7CDD52E0C0049003FE33C /* PainteeTests */ = {
			isa = PBXNativeTarget;
			buildConfigurationList = 50E7CDED2E0C0049003FE33C /* Build configuration list for PBXNativeTarget "PainteeTests" */;
			buildPhases = (
				50E7CDD22E0C0049003FE33C /* Sources */,
				50E7CDD32E0C0049003FE33C /* Frameworks */,
				50E7CDD42E0C0049003FE33C /* Resources */,
			);
			buildRules = (
			);
			dependencies = (
				50E7CDD82E0C0049003FE33C /* PBXTargetDependency */,
			);
			fileSystemSynchronizedGroups = (
				50E7CDD92E0C0049003FE33C /* PainteeTests */,
			);
			name = PainteeTests;
			packageProductDependencies = (
			);
			productName = PainteeTests;
			productReference = 50E7CDD62E0C0049003FE33C /* PainteeTests.xctest */;
			productType = "com.apple.product-type.bundle.unit-test";
		};
		50E7CDDF2E0C0049003FE33C /* PainteeUITests */ = {
			isa = PBXNativeTarget;
			buildConfigurationList = 50E7CDF02E0C0049003FE33C /* Build configuration list for PBXNativeTarget "PainteeUITests" */;
			buildPhases = (
				50E7CDDC2E0C0049003FE33C /* Sources */,
				50E7CDDD2E0C0049003FE33C /* Frameworks */,
				50E7CDDE2E0C0049003FE33C /* Resources */,
			);
			buildRules = (
			);
			dependencies = (
				50E7CDE22E0C0049003FE33C /* PBXTargetDependency */,
			);
			fileSystemSynchronizedGroups = (
				50E7CDE32E0C0049003FE33C /* PainteeUITests */,
			);
			name = PainteeUITests;
			packageProductDependencies = (
			);
			productName = PainteeUITests;
			productReference = 50E7CDE02E0C0049003FE33C /* PainteeUITests.xctest */;
			productType = "com.apple.product-type.bundle.ui-testing";
		};
/* End PBXNativeTarget section */

/* Begin PBXProject section */
		50E7CDBE2E0C0048003FE33C /* Project object */ = {
			isa = PBXProject;
			attributes = {
				BuildIndependentTargetsInParallel = 1;
				LastSwiftUpdateCheck = 1620;
				LastUpgradeCheck = 1620;
				TargetAttributes = {
					50E7CDC52E0C0048003FE33C = {
						CreatedOnToolsVersion = 16.2;
					};
					50E7CDD52E0C0049003FE33C = {
						CreatedOnToolsVersion = 16.2;
						TestTargetID = 50E7CDC52E0C0048003FE33C;
					};
					50E7CDDF2E0C0049003FE33C = {
						CreatedOnToolsVersion = 16.2;
						TestTargetID = 50E7CDC52E0C0048003FE33C;
					};
				};
			};
			buildConfigurationList = 50E7CDC12E0C0048003FE33C /* Build configuration list for PBXProject "Paintee" */;
			developmentRegion = en;
			hasScannedForEncodings = 0;
			knownRegions = (
				en,
				Base,
			);
			mainGroup = 50E7CDBD2E0C0048003FE33C;
			minimizedProjectReferenceProxies = 1;
			preferredProjectObjectVersion = 77;
			productRefGroup = 50E7CDC72E0C0048003FE33C /* Products */;
			projectDirPath = "";
			projectRoot = "";
			targets = (
				50E7CDC52E0C0048003FE33C /* Paintee */,
				50E7CDD52E0C0049003FE33C /* PainteeTests */,
				50E7CDDF2E0C0049003FE33C /* PainteeUITests */,
			);
		};
/* End PBXProject section */

/* Begin PBXResourcesBuildPhase section */
		50E7CDC42E0C0048003FE33C /* Resources */ = {
			isa = PBXResourcesBuildPhase;
			buildActionMask = 2147483647;
			files = (
			);
			runOnlyForDeploymentPostprocessing = 0;
		};
		50E7CDD42E0C0049003FE33C /* Resources */ = {
			isa = PBXResourcesBuildPhase;
			buildActionMask = 2147483647;
			files = (
			);
			runOnlyForDeploymentPostprocessing = 0;
		};
		50E7CDDE2E0C0049003FE33C /* Resources */ = {
			isa = PBXResourcesBuildPhase;
			buildActionMask = 2147483647;
			files = (
			);
			runOnlyForDeploymentPostprocessing = 0;
		};
/* End PBXResourcesBuildPhase section */

/* Begin PBXSourcesBuildPhase section */
		50E7CDC22E0C0048003FE33C /* Sources */ = {
			isa = PBXSourcesBuildPhase;
			buildActionMask = 2147483647;
			files = (
			);
			runOnlyForDeploymentPostprocessing = 0;
		};
		50E7CDD22E0C0049003FE33C /* Sources */ = {
			isa = PBXSourcesBuildPhase;
			buildActionMask = 2147483647;
			files = (
			);
			runOnlyForDeploymentPostprocessing = 0;
		};
		50E7CDDC2E0C0049003FE33C /* Sources */ = {
			isa = PBXSourcesBuildPhase;
			buildActionMask = 2147483647;
			files = (
			);
			runOnlyForDeploymentPostprocessing = 0;
		};
/* End PBXSourcesBuildPhase section */

/* Begin PBXTargetDependency section */
		50E7CDD82E0C0049003FE33C /* PBXTargetDependency */ = {
			isa = PBXTargetDependency;
			target = 50E7CDC52E0C0048003FE33C /* Paintee */;
			targetProxy = 50E7CDD72E0C0049003FE33C /* PBXContainerItemProxy */;
		};
		50E7CDE22E0C0049003FE33C /* PBXTargetDependency */ = {
			isa = PBXTargetDependency;
			target = 50E7CDC52E0C0048003FE33C /* Paintee */;
			targetProxy = 50E7CDE12E0C0049003FE33C /* PBXContainerItemProxy */;
		};
/* End PBXTargetDependency section */

/* Begin XCBuildConfiguration section */
		50E7CDE82E0C0049003FE33C /* Debug */ = {
			isa = XCBuildConfiguration;
			buildSettings = {
				ALWAYS_SEARCH_USER_PATHS = NO;
				ASSETCATALOG_COMPILER_GENERATE_SWIFT_ASSET_SYMBOL_EXTENSIONS = YES;
				CLANG_ANALYZER_NONNULL = YES;
				CLANG_ANALYZER_NUMBER_OBJECT_CONVERSION = YES_AGGRESSIVE;
				CLANG_CXX_LANGUAGE_STANDARD = "gnu++20";
				CLANG_ENABLE_MODULES = YES;
				CLANG_ENABLE_OBJC_ARC = YES;
				CLANG_ENABLE_OBJC_WEAK = YES;
				CLANG_WARN_BLOCK_CAPTURE_AUTORELEASING = YES;
				CLANG_WARN_BOOL_CONVERSION = YES;
				CLANG_WARN_COMMA = YES;
				CLANG_WARN_CONSTANT_CONVERSION = YES;
				CLANG_WARN_DEPRECATED_OBJC_IMPLEMENTATIONS = YES;
				CLANG_WARN_DIRECT_OBJC_ISA_USAGE = YES_ERROR;
				CLANG_WARN_DOCUMENTATION_COMMENTS = YES;
				CLANG_WARN_EMPTY_BODY = YES;
				CLANG_WARN_ENUM_CONVERSION = YES;
				CLANG_WARN_INFINITE_RECURSION = YES;
				CLANG_WARN_INT_CONVERSION = YES;
				CLANG_WARN_NON_LITERAL_NULL_CONVERSION = YES;
				CLANG_WARN_OBJC_IMPLICIT_RETAIN_SELF = YES;
				CLANG_WARN_OBJC_LITERAL_CONVERSION = YES;
				CLANG_WARN_OBJC_ROOT_CLASS = YES_ERROR;
				CLANG_WARN_QUOTED_INCLUDE_IN_FRAMEWORK_HEADER = YES;
				CLANG_WARN_RANGE_LOOP_ANALYSIS = YES;
				CLANG_WARN_STRICT_PROTOTYPES = YES;
				CLANG_WARN_SUSPICIOUS_MOVE = YES;
				CLANG_WARN_UNGUARDED_AVAILABILITY = YES_AGGRESSIVE;
				CLANG_WARN_UNREACHABLE_CODE = YES;
				CLANG_WARN__DUPLICATE_METHOD_MATCH = YES;
				COPY_PHASE_STRIP = NO;
				DEBUG_INFORMATION_FORMAT = dwarf;
				ENABLE_STRICT_OBJC_MSGSEND = YES;
				ENABLE_TESTABILITY = YES;
				ENABLE_USER_SCRIPT_SANDBOXING = YES;
				GCC_C_LANGUAGE_STANDARD = gnu17;
				GCC_DYNAMIC_NO_PIC = NO;
				GCC_NO_COMMON_BLOCKS = YES;
				GCC_OPTIMIZATION_LEVEL = 0;
				GCC_PREPROCESSOR_DEFINITIONS = (
					"DEBUG=1",
					"$(inherited)",
				);
				GCC_WARN_64_TO_32_BIT_CONVERSION = YES;
				GCC_WARN_ABOUT_RETURN_TYPE = YES_ERROR;
				GCC_WARN_UNDECLARED_SELECTOR = YES;
				GCC_WARN_UNINITIALIZED_AUTOS = YES_AGGRESSIVE;
				GCC_WARN_UNUSED_FUNCTION = YES;
				GCC_WARN_UNUSED_VARIABLE = YES;
				IPHONEOS_DEPLOYMENT_TARGET = 18.2;
				LOCALIZATION_PREFERS_STRING_CATALOGS = YES;
				MTL_ENABLE_DEBUG_INFO = INCLUDE_SOURCE;
				MTL_FAST_MATH = YES;
				ONLY_ACTIVE_ARCH = YES;
				SDKROOT = iphoneos;
				SWIFT_ACTIVE_COMPILATION_CONDITIONS = "DEBUG $(inherited)";
				SWIFT_OPTIMIZATION_LEVEL = "-Onone";
			};
			name = Debug;
		};
		50E7CDE92E0C0049003FE33C /* Release */ = {
			isa = XCBuildConfiguration;
			buildSettings = {
				ALWAYS_SEARCH_USER_PATHS = NO;
				ASSETCATALOG_COMPILER_GENERATE_SWIFT_ASSET_SYMBOL_EXTENSIONS = YES;
				CLANG_ANALYZER_NONNULL = YES;
				CLANG_ANALYZER_NUMBER_OBJECT_CONVERSION = YES_AGGRESSIVE;
				CLANG_CXX_LANGUAGE_STANDARD = "gnu++20";
				CLANG_ENABLE_MODULES = YES;
				CLANG_ENABLE_OBJC_ARC = YES;
				CLANG_ENABLE_OBJC_WEAK = YES;
				CLANG_WARN_BLOCK_CAPTURE_AUTORELEASING = YES;
				CLANG_WARN_BOOL_CONVERSION = YES;
				CLANG_WARN_COMMA = YES;
				CLANG_WARN_CONSTANT_CONVERSION = YES;
				CLANG_WARN_DEPRECATED_OBJC_IMPLEMENTATIONS = YES;
				CLANG_WARN_DIRECT_OBJC_ISA_USAGE = YES_ERROR;
				CLANG_WARN_DOCUMENTATION_COMMENTS = YES;
				CLANG_WARN_EMPTY_BODY = YES;
				CLANG_WARN_ENUM_CONVERSION = YES;
				CLANG_WARN_INFINITE_RECURSION = YES;
				CLANG_WARN_INT_CONVERSION = YES;
				CLANG_WARN_NON_LITERAL_NULL_CONVERSION = YES;
				CLANG_WARN_OBJC_IMPLICIT_RETAIN_SELF = YES;
				CLANG_WARN_OBJC_LITERAL_CONVERSION = YES;
				CLANG_WARN_OBJC_ROOT_CLASS = YES_ERROR;
				CLANG_WARN_QUOTED_INCLUDE_IN_FRAMEWORK_HEADER = YES;
				CLANG_WARN_RANGE_LOOP_ANALYSIS = YES;
				CLANG_WARN_STRICT_PROTOTYPES = YES;
				CLANG_WARN_SUSPICIOUS_MOVE = YES;
				CLANG_WARN_UNGUARDED_AVAILABILITY = YES_AGGRESSIVE;
				CLANG_WARN_UNREACHABLE_CODE = YES;
				CLANG_WARN__DUPLICATE_METHOD_MATCH = YES;
				COPY_PHASE_STRIP = NO;
				DEBUG_INFORMATION_FORMAT = "dwarf-with-dsym";
				ENABLE_NS_ASSERTIONS = NO;
				ENABLE_STRICT_OBJC_MSGSEND = YES;
				ENABLE_USER_SCRIPT_SANDBOXING = YES;
				GCC_C_LANGUAGE_STANDARD = gnu17;
				GCC_NO_COMMON_BLOCKS = YES;
				GCC_WARN_64_TO_32_BIT_CONVERSION = YES;
				GCC_WARN_ABOUT_RETURN_TYPE = YES_ERROR;
				GCC_WARN_UNDECLARED_SELECTOR = YES;
				GCC_WARN_UNINITIALIZED_AUTOS = YES_AGGRESSIVE;
				GCC_WARN_UNUSED_FUNCTION = YES;
				GCC_WARN_UNUSED_VARIABLE = YES;
				IPHONEOS_DEPLOYMENT_TARGET = 18.2;
				LOCALIZATION_PREFERS_STRING_CATALOGS = YES;
				MTL_ENABLE_DEBUG_INFO = NO;
				MTL_FAST_MATH = YES;
				SDKROOT = iphoneos;
				SWIFT_COMPILATION_MODE = wholemodule;
				VALIDATE_PRODUCT = YES;
			};
			name = Release;
		};
		50E7CDEB2E0C0049003FE33C /* Debug */ = {
			isa = XCBuildConfiguration;
			buildSettings = {
				ASSETCATALOG_COMPILER_APPICON_NAME = AppIcon;
				ASSETCATALOG_COMPILER_GLOBAL_ACCENT_COLOR_NAME = AccentColor;
				CODE_SIGN_STYLE = Automatic;
				CURRENT_PROJECT_VERSION = 1;
				DEVELOPMENT_ASSET_PATHS = "\"Paintee/Preview Content\"";
				DEVELOPMENT_TEAM = RR3T853788;
				ENABLE_PREVIEWS = YES;
				GENERATE_INFOPLIST_FILE = YES;
				INFOPLIST_KEY_CFBundleDisplayName = Paintee;
				INFOPLIST_KEY_LSApplicationCategoryType = "public.app-category.lifestyle";
				INFOPLIST_KEY_NSCameraUsageDescription = "This allows app use your camera to apply face painting effects in real time.";
				INFOPLIST_KEY_NSPhotoLibraryUsageDescription = "We need access to your photo library to save your captured image.";
				INFOPLIST_KEY_UIApplicationSceneManifest_Generation = YES;
				INFOPLIST_KEY_UIApplicationSupportsIndirectInputEvents = YES;
				INFOPLIST_KEY_UILaunchScreen_Generation = YES;
				INFOPLIST_KEY_UISupportedInterfaceOrientations = "UIInterfaceOrientationLandscapeLeft UIInterfaceOrientationLandscapeRight UIInterfaceOrientationPortrait UIInterfaceOrientationPortraitUpsideDown";
				LD_RUNPATH_SEARCH_PATHS = (
					"$(inherited)",
					"@executable_path/Frameworks",
				);
				MARKETING_VERSION = 1.0;
				PRODUCT_BUNDLE_IDENTIFIER = prammmoe.PainteeApp;
				PRODUCT_NAME = "$(TARGET_NAME)";
				SUPPORTED_PLATFORMS = "iphoneos iphonesimulator";
				SUPPORTS_MACCATALYST = NO;
				SUPPORTS_MAC_DESIGNED_FOR_IPHONE_IPAD = NO;
				SUPPORTS_XR_DESIGNED_FOR_IPHONE_IPAD = NO;
				SWIFT_EMIT_LOC_STRINGS = YES;
				SWIFT_VERSION = 5.0;
				TARGETED_DEVICE_FAMILY = "1,2";
			};
			name = Debug;
		};
		50E7CDEC2E0C0049003FE33C /* Release */ = {
			isa = XCBuildConfiguration;
			buildSettings = {
				ASSETCATALOG_COMPILER_APPICON_NAME = AppIcon;
				ASSETCATALOG_COMPILER_GLOBAL_ACCENT_COLOR_NAME = AccentColor;
				CODE_SIGN_STYLE = Automatic;
				CURRENT_PROJECT_VERSION = 1;
				DEVELOPMENT_ASSET_PATHS = "\"Paintee/Preview Content\"";
				DEVELOPMENT_TEAM = RR3T853788;
				ENABLE_PREVIEWS = YES;
				GENERATE_INFOPLIST_FILE = YES;
				INFOPLIST_KEY_CFBundleDisplayName = Paintee;
				INFOPLIST_KEY_LSApplicationCategoryType = "public.app-category.lifestyle";
				INFOPLIST_KEY_NSCameraUsageDescription = "This allows app use your camera to apply face painting effects in real time.";
				INFOPLIST_KEY_NSPhotoLibraryUsageDescription = "We need access to your photo library to save your captured image.";
				INFOPLIST_KEY_UIApplicationSceneManifest_Generation = YES;
				INFOPLIST_KEY_UIApplicationSupportsIndirectInputEvents = YES;
				INFOPLIST_KEY_UILaunchScreen_Generation = YES;
				INFOPLIST_KEY_UISupportedInterfaceOrientations = "UIInterfaceOrientationLandscapeLeft UIInterfaceOrientationLandscapeRight UIInterfaceOrientationPortrait UIInterfaceOrientationPortraitUpsideDown";
				LD_RUNPATH_SEARCH_PATHS = (
					"$(inherited)",
					"@executable_path/Frameworks",
				);
				MARKETING_VERSION = 1.0;
				PRODUCT_BUNDLE_IDENTIFIER = prammmoe.PainteeApp;
				PRODUCT_NAME = "$(TARGET_NAME)";
				SUPPORTED_PLATFORMS = "iphoneos iphonesimulator";
				SUPPORTS_MACCATALYST = NO;
				SUPPORTS_MAC_DESIGNED_FOR_IPHONE_IPAD = NO;
				SUPPORTS_XR_DESIGNED_FOR_IPHONE_IPAD = NO;
				SWIFT_EMIT_LOC_STRINGS = YES;
				SWIFT_VERSION = 5.0;
				TARGETED_DEVICE_FAMILY = "1,2";
			};
			name = Release;
		};
		50E7CDEE2E0C0049003FE33C /* Debug */ = {
			isa = XCBuildConfiguration;
			buildSettings = {
				BUNDLE_LOADER = "$(TEST_HOST)";
				CODE_SIGN_STYLE = Automatic;
				CURRENT_PROJECT_VERSION = 1;
				DEVELOPMENT_TEAM = RR3T853788;
				GENERATE_INFOPLIST_FILE = YES;
				IPHONEOS_DEPLOYMENT_TARGET = 18.2;
				MARKETING_VERSION = 1.0;
				PRODUCT_BUNDLE_IDENTIFIER = prammmoe.PainteeTests;
				PRODUCT_NAME = "$(TARGET_NAME)";
				SWIFT_EMIT_LOC_STRINGS = NO;
				SWIFT_VERSION = 5.0;
				TARGETED_DEVICE_FAMILY = "1,2";
				TEST_HOST = "$(BUILT_PRODUCTS_DIR)/Paintee.app/$(BUNDLE_EXECUTABLE_FOLDER_PATH)/Paintee";
			};
			name = Debug;
		};
		50E7CDEF2E0C0049003FE33C /* Release */ = {
			isa = XCBuildConfiguration;
			buildSettings = {
				BUNDLE_LOADER = "$(TEST_HOST)";
				CODE_SIGN_STYLE = Automatic;
				CURRENT_PROJECT_VERSION = 1;
				DEVELOPMENT_TEAM = RR3T853788;
				GENERATE_INFOPLIST_FILE = YES;
				IPHONEOS_DEPLOYMENT_TARGET = 18.2;
				MARKETING_VERSION = 1.0;
				PRODUCT_BUNDLE_IDENTIFIER = prammmoe.PainteeTests;
				PRODUCT_NAME = "$(TARGET_NAME)";
				SWIFT_EMIT_LOC_STRINGS = NO;
				SWIFT_VERSION = 5.0;
				TARGETED_DEVICE_FAMILY = "1,2";
				TEST_HOST = "$(BUILT_PRODUCTS_DIR)/Paintee.app/$(BUNDLE_EXECUTABLE_FOLDER_PATH)/Paintee";
			};
			name = Release;
		};
		50E7CDF12E0C0049003FE33C /* Debug */ = {
			isa = XCBuildConfiguration;
			buildSettings = {
				CODE_SIGN_STYLE = Automatic;
				CURRENT_PROJECT_VERSION = 1;
				DEVELOPMENT_TEAM = RR3T853788;
				GENERATE_INFOPLIST_FILE = YES;
				MARKETING_VERSION = 1.0;
				PRODUCT_BUNDLE_IDENTIFIER = prammmoe.PainteeUITests;
				PRODUCT_NAME = "$(TARGET_NAME)";
				SWIFT_EMIT_LOC_STRINGS = NO;
				SWIFT_VERSION = 5.0;
				TARGETED_DEVICE_FAMILY = "1,2";
				TEST_TARGET_NAME = Paintee;
			};
			name = Debug;
		};
		50E7CDF22E0C0049003FE33C /* Release */ = {
			isa = XCBuildConfiguration;
			buildSettings = {
				CODE_SIGN_STYLE = Automatic;
				CURRENT_PROJECT_VERSION = 1;
				DEVELOPMENT_TEAM = RR3T853788;
				GENERATE_INFOPLIST_FILE = YES;
				MARKETING_VERSION = 1.0;
				PRODUCT_BUNDLE_IDENTIFIER = prammmoe.PainteeUITests;
				PRODUCT_NAME = "$(TARGET_NAME)";
				SWIFT_EMIT_LOC_STRINGS = NO;
				SWIFT_VERSION = 5.0;
				TARGETED_DEVICE_FAMILY = "1,2";
				TEST_TARGET_NAME = Paintee;
			};
			name = Release;
		};
/* End XCBuildConfiguration section */

/* Begin XCConfigurationList section */
		50E7CDC12E0C0048003FE33C /* Build configuration list for PBXProject "Paintee" */ = {
			isa = XCConfigurationList;
			buildConfigurations = (
				50E7CDE82E0C0049003FE33C /* Debug */,
				50E7CDE92E0C0049003FE33C /* Release */,
			);
			defaultConfigurationIsVisible = 0;
			defaultConfigurationName = Release;
		};
		50E7CDEA2E0C0049003FE33C /* Build configuration list for PBXNativeTarget "Paintee" */ = {
			isa = XCConfigurationList;
			buildConfigurations = (
				50E7CDEB2E0C0049003FE33C /* Debug */,
				50E7CDEC2E0C0049003FE33C /* Release */,
			);
			defaultConfigurationIsVisible = 0;
			defaultConfigurationName = Release;
		};
		50E7CDED2E0C0049003FE33C /* Build configuration list for PBXNativeTarget "PainteeTests" */ = {
			isa = XCConfigurationList;
			buildConfigurations = (
				50E7CDEE2E0C0049003FE33C /* Debug */,
				50E7CDEF2E0C0049003FE33C /* Release */,
			);
			defaultConfigurationIsVisible = 0;
			defaultConfigurationName = Release;
		};
		50E7CDF02E0C0049003FE33C /* Build configuration list for PBXNativeTarget "PainteeUITests" */ = {
			isa = XCConfigurationList;
			buildConfigurations = (
				50E7CDF12E0C0049003FE33C /* Debug */,
				50E7CDF22E0C0049003FE33C /* Release */,
			);
			defaultConfigurationIsVisible = 0;
			defaultConfigurationName = Release;
		};
/* End XCConfigurationList section */
	};
	rootObject = 50E7CDBE2E0C0048003FE33C /* Project object */;
}
